
Microsoft Visual Studio Solution File, Format Version 12.00
# Visual Studio Version 17
VisualStudioVersion = 17.13.35919.96 d17.13
MinimumVisualStudioVersion = 10.0.40219.1
Project("{8BC9CEB8-8B4A-11D0-8D11-00A0C91BC942}") = "pqLayouts", "pqLayouts\pqLayouts.vcxproj", "{6CB22487-708C-407A-8ACF-70D233642E44}"
EndProject
Project("{8BC9CEB8-8B4A-11D0-8D11-00A0C91BC942}") = "pqLayoutsHook", "PqLayoutsHook\PqLayoutsHook.vcxproj", "{680C5F5C-3188-42DD-A81D-3464892277B6}"
EndProject
Project("{8BC9CEB8-8B4A-11D0-8D11-00A0C91BC942}") = "StaticLib1", "StaticLib1\StaticLib1.vcxproj", "{33A9AF49-F3F0-46EB-A648-C4B520C34CFD}"
EndProject
Project("{8BC9CEB8-8B4A-11D0-8D11-00A0C91BC942}") = "testbed", "testbed\testbed.vcxproj", "{EAB6C559-71BF-4C36-975B-AFE4A32B9C29}"
EndProject
Project("{2150E333-8FDC-42A3-9474-1A3956D46DE8}") = "lua", "lua", "{96CCE9D1-4ACA-4288-92D6-1E55C9B16387}"
	ProjectSection(SolutionItems) = preProject
		lua\LuaState.h = lua\LuaState.h
		lua\mapping.lua = lua\mapping.lua
		lua\objectNew.lua = lua\objectNew.lua
	EndProjectSection
EndProject
Project("{FAE04EC0-301F-11D3-BF4B-00C04F79EFBC}") = "TestInterop", "Tests\TestInterop\TestInterop.csproj", "{17642BB5-7DFF-45BE-A19B-3792CB33B1BD}"
	ProjectSection(ProjectDependencies) = postProject
		{680C5F5C-3188-42DD-A81D-3464892277B6} = {680C5F5C-3188-42DD-A81D-3464892277B6}
	EndProjectSection
EndProject
Project("{2150E333-8FDC-42A3-9474-1A3956D46DE8}") = "Tests", "Tests", "{02EA681E-C7D8-13C7-8484-4AC65E1B71E8}"
EndProject
Project("{FAE04EC0-301F-11D3-BF4B-00C04F79EFBC}") = "TestYaml1", "Tests\TestYaml1\TestYaml1.csproj", "{47AAF0D3-AC5B-99BC-5A88-1907112E25F0}"
EndProject
Project("{FAE04EC0-301F-11D3-BF4B-00C04F79EFBC}") = "TestNetKbdHook", "Tests\TestNetKbdHook\TestNetKbdHook.csproj", "{CA20718B-84DD-48DC-8FBF-E79AFCD27964}"
EndProject
Global
	GlobalSection(SolutionConfigurationPlatforms) = preSolution
		Debug|Any CPU = Debug|Any CPU
		Debug|x64 = Debug|x64
		Debug|x86 = Debug|x86
		Release|Any CPU = Release|Any CPU
		Release|x64 = Release|x64
		Release|x86 = Release|x86
	EndGlobalSection
	GlobalSection(ProjectConfigurationPlatforms) = postSolution
		{6CB22487-708C-407A-8ACF-70D233642E44}.Debug|Any CPU.ActiveCfg = Debug|x64
		{6CB22487-708C-407A-8ACF-70D233642E44}.Debug|Any CPU.Build.0 = Debug|x64
		{6CB22487-708C-407A-8ACF-70D233642E44}.Debug|x64.ActiveCfg = Debug|Win32
		{6CB22487-708C-407A-8ACF-70D233642E44}.Debug|x64.Build.0 = Debug|Win32
		{6CB22487-708C-407A-8ACF-70D233642E44}.Debug|x86.ActiveCfg = Debug|Win32
		{6CB22487-708C-407A-8ACF-70D233642E44}.Debug|x86.Build.0 = Debug|Win32
		{6CB22487-708C-407A-8ACF-70D233642E44}.Release|Any CPU.ActiveCfg = Release|x64
		{6CB22487-708C-407A-8ACF-70D233642E44}.Release|Any CPU.Build.0 = Release|x64
		{6CB22487-708C-407A-8ACF-70D233642E44}.Release|x64.ActiveCfg = Release|x64
		{6CB22487-708C-407A-8ACF-70D233642E44}.Release|x64.Build.0 = Release|x64
		{6CB22487-708C-407A-8ACF-70D233642E44}.Release|x86.ActiveCfg = Release|Win32
		{6CB22487-708C-407A-8ACF-70D233642E44}.Release|x86.Build.0 = Release|Win32
		{680C5F5C-3188-42DD-A81D-3464892277B6}.Debug|Any CPU.ActiveCfg = Debug|x64
		{680C5F5C-3188-42DD-A81D-3464892277B6}.Debug|Any CPU.Build.0 = Debug|x64
		{680C5F5C-3188-42DD-A81D-3464892277B6}.Debug|x64.ActiveCfg = Debug|Win32
		{680C5F5C-3188-42DD-A81D-3464892277B6}.Debug|x64.Build.0 = Debug|Win32
		{680C5F5C-3188-42DD-A81D-3464892277B6}.Debug|x86.ActiveCfg = Debug|Win32
		{680C5F5C-3188-42DD-A81D-3464892277B6}.Debug|x86.Build.0 = Debug|Win32
		{680C5F5C-3188-42DD-A81D-3464892277B6}.Release|Any CPU.ActiveCfg = Release|x64
		{680C5F5C-3188-42DD-A81D-3464892277B6}.Release|Any CPU.Build.0 = Release|x64
		{680C5F5C-3188-42DD-A81D-3464892277B6}.Release|x64.ActiveCfg = Release|x64
		{680C5F5C-3188-42DD-A81D-3464892277B6}.Release|x64.Build.0 = Release|x64
		{680C5F5C-3188-42DD-A81D-3464892277B6}.Release|x86.ActiveCfg = Release|Win32
		{680C5F5C-3188-42DD-A81D-3464892277B6}.Release|x86.Build.0 = Release|Win32
		{33A9AF49-F3F0-46EB-A648-C4B520C34CFD}.Debug|Any CPU.ActiveCfg = Debug|x64
		{33A9AF49-F3F0-46EB-A648-C4B520C34CFD}.Debug|Any CPU.Build.0 = Debug|x64
		{33A9AF49-F3F0-46EB-A648-C4B520C34CFD}.Debug|x64.ActiveCfg = Debug|x64
		{33A9AF49-F3F0-46EB-A648-C4B520C34CFD}.Debug|x64.Build.0 = Debug|x64
		{33A9AF49-F3F0-46EB-A648-C4B520C34CFD}.Debug|x86.ActiveCfg = Debug|Win32
		{33A9AF49-F3F0-46EB-A648-C4B520C34CFD}.Debug|x86.Build.0 = Debug|Win32
		{33A9AF49-F3F0-46EB-A648-C4B520C34CFD}.Release|Any CPU.ActiveCfg = Release|x64
		{33A9AF49-F3F0-46EB-A648-C4B520C34CFD}.Release|Any CPU.Build.0 = Release|x64
		{33A9AF49-F3F0-46EB-A648-C4B520C34CFD}.Release|x64.ActiveCfg = Release|x64
		{33A9AF49-F3F0-46EB-A648-C4B520C34CFD}.Release|x64.Build.0 = Release|x64
		{33A9AF49-F3F0-46EB-A648-C4B520C34CFD}.Release|x86.ActiveCfg = Release|Win32
		{33A9AF49-F3F0-46EB-A648-C4B520C34CFD}.Release|x86.Build.0 = Release|Win32
		{EAB6C559-71BF-4C36-975B-AFE4A32B9C29}.Debug|Any CPU.ActiveCfg = Debug|x64
		{EAB6C559-71BF-4C36-975B-AFE4A32B9C29}.Debug|Any CPU.Build.0 = Debug|x64
		{EAB6C559-71BF-4C36-975B-AFE4A32B9C29}.Debug|x64.ActiveCfg = Debug|x64
		{EAB6C559-71BF-4C36-975B-AFE4A32B9C29}.Debug|x64.Build.0 = Debug|x64
		{EAB6C559-71BF-4C36-975B-AFE4A32B9C29}.Debug|x86.ActiveCfg = Debug|Win32
		{EAB6C559-71BF-4C36-975B-AFE4A32B9C29}.Release|Any CPU.ActiveCfg = Release|x64
		{EAB6C559-71BF-4C36-975B-AFE4A32B9C29}.Release|Any CPU.Build.0 = Release|x64
		{EAB6C559-71BF-4C36-975B-AFE4A32B9C29}.Release|x64.ActiveCfg = Release|x64
		{EAB6C559-71BF-4C36-975B-AFE4A32B9C29}.Release|x64.Build.0 = Release|x64
		{EAB6C559-71BF-4C36-975B-AFE4A32B9C29}.Release|x86.ActiveCfg = Release|Win32
		{17642BB5-7DFF-45BE-A19B-3792CB33B1BD}.Debug|Any CPU.ActiveCfg = Debug|Any CPU
		{17642BB5-7DFF-45BE-A19B-3792CB33B1BD}.Debug|Any CPU.Build.0 = Debug|Any CPU
		{17642BB5-7DFF-45BE-A19B-3792CB33B1BD}.Debug|x64.ActiveCfg = Debug|Any CPU
		{17642BB5-7DFF-45BE-A19B-3792CB33B1BD}.Debug|x64.Build.0 = Debug|Any CPU
		{17642BB5-7DFF-45BE-A19B-3792CB33B1BD}.Debug|x86.ActiveCfg = Debug|Any CPU
		{17642BB5-7DFF-45BE-A19B-3792CB33B1BD}.Debug|x86.Build.0 = Debug|Any CPU
		{17642BB5-7DFF-45BE-A19B-3792CB33B1BD}.Release|Any CPU.ActiveCfg = Release|Any CPU
		{17642BB5-7DFF-45BE-A19B-3792CB33B1BD}.Release|Any CPU.Build.0 = Release|Any CPU
		{17642BB5-7DFF-45BE-A19B-3792CB33B1BD}.Release|x64.ActiveCfg = Release|Any CPU
		{17642BB5-7DFF-45BE-A19B-3792CB33B1BD}.Release|x64.Build.0 = Release|Any CPU
		{17642BB5-7DFF-45BE-A19B-3792CB33B1BD}.Release|x86.ActiveCfg = Release|Any CPU
		{17642BB5-7DFF-45BE-A19B-3792CB33B1BD}.Release|x86.Build.0 = Release|Any CPU
		{47AAF0D3-AC5B-99BC-5A88-1907112E25F0}.Debug|Any CPU.ActiveCfg = Debug|Any CPU
		{47AAF0D3-AC5B-99BC-5A88-1907112E25F0}.Debug|Any CPU.Build.0 = Debug|Any CPU
		{47AAF0D3-AC5B-99BC-5A88-1907112E25F0}.Debug|x64.ActiveCfg = Debug|Any CPU
		{47AAF0D3-AC5B-99BC-5A88-1907112E25F0}.Debug|x64.Build.0 = Debug|Any CPU
		{47AAF0D3-AC5B-99BC-5A88-1907112E25F0}.Debug|x86.ActiveCfg = Debug|Any CPU
		{47AAF0D3-AC5B-99BC-5A88-1907112E25F0}.Debug|x86.Build.0 = Debug|Any CPU
		{47AAF0D3-AC5B-99BC-5A88-1907112E25F0}.Release|Any CPU.ActiveCfg = Release|Any CPU
		{47AAF0D3-AC5B-99BC-5A88-1907112E25F0}.Release|Any CPU.Build.0 = Release|Any CPU
		{47AAF0D3-AC5B-99BC-5A88-1907112E25F0}.Release|x64.ActiveCfg = Release|Any CPU
		{47AAF0D3-AC5B-99BC-5A88-1907112E25F0}.Release|x64.Build.0 = Release|Any CPU
		{47AAF0D3-AC5B-99BC-5A88-1907112E25F0}.Release|x86.ActiveCfg = Release|Any CPU
		{47AAF0D3-AC5B-99BC-5A88-1907112E25F0}.Release|x86.Build.0 = Release|Any CPU
		{CA20718B-84DD-48DC-8FBF-E79AFCD27964}.Debug|Any CPU.ActiveCfg = Debug|Any CPU
		{CA20718B-84DD-48DC-8FBF-E79AFCD27964}.Debug|Any CPU.Build.0 = Debug|Any CPU
		{CA20718B-84DD-48DC-8FBF-E79AFCD27964}.Debug|x64.ActiveCfg = Debug|Any CPU
		{CA20718B-84DD-48DC-8FBF-E79AFCD27964}.Debug|x64.Build.0 = Debug|Any CPU
		{CA20718B-84DD-48DC-8FBF-E79AFCD27964}.Debug|x86.ActiveCfg = Debug|Any CPU
		{CA20718B-84DD-48DC-8FBF-E79AFCD27964}.Debug|x86.Build.0 = Debug|Any CPU
		{CA20718B-84DD-48DC-8FBF-E79AFCD27964}.Release|Any CPU.ActiveCfg = Release|Any CPU
		{CA20718B-84DD-48DC-8FBF-E79AFCD27964}.Release|Any CPU.Build.0 = Release|Any CPU
		{CA20718B-84DD-48DC-8FBF-E79AFCD27964}.Release|x64.ActiveCfg = Release|Any CPU
		{CA20718B-84DD-48DC-8FBF-E79AFCD27964}.Release|x64.Build.0 = Release|Any CPU
		{CA20718B-84DD-48DC-8FBF-E79AFCD27964}.Release|x86.ActiveCfg = Release|Any CPU
		{CA20718B-84DD-48DC-8FBF-E79AFCD27964}.Release|x86.Build.0 = Release|Any CPU
	EndGlobalSection
	GlobalSection(SolutionProperties) = preSolution
		HideSolutionNode = FALSE
	EndGlobalSection
	GlobalSection(ExtensibilityGlobals) = postSolution
		SolutionGuid = {53FA91E8-B077-4F6F-93E9-FACF725E10BC}
	EndGlobalSection
EndGlobal
