
Microsoft Visual Studio Solution File, Format Version 12.00
# Visual Studio Version 16
VisualStudioVersion = 16.0.31129.286
MinimumVisualStudioVersion = 10.0.40219.1
Project("{FAE04EC0-301F-11D3-BF4B-00C04F79EFBC}") = "consonantsDigraphs", "consonantsDigraphs.csproj", "{926B4CD5-68B4-4991-A076-3946F9F7D888}"
EndProject
Global
	GlobalSection(SolutionConfigurationPlatforms) = preSolution
		Debug|Any CPU = Debug|Any CPU
		Release|Any CPU = Release|Any CPU
	EndGlobalSection
	GlobalSection(ProjectConfigurationPlatforms) = postSolution
		{926B4CD5-68B4-4991-A076-3946F9F7D888}.Debug|Any CPU.ActiveCfg = Debug|Any CPU
		{926B4CD5-68B4-4991-A076-3946F9F7D888}.Debug|Any CPU.Build.0 = Debug|Any CPU
		{926B4CD5-68B4-4991-A076-3946F9F7D888}.Release|Any CPU.ActiveCfg = Release|Any CPU
		{926B4CD5-68B4-4991-A076-3946F9F7D888}.Release|Any CPU.Build.0 = Release|Any CPU
	EndGlobalSection
	GlobalSection(SolutionProperties) = preSolution
		HideSolutionNode = FALSE
	EndGlobalSection
	GlobalSection(ExtensibilityGlobals) = postSolution
		SolutionGuid = {5F430CCB-C50C-4070-B7E6-D82034B51202}
	EndGlobalSection
EndGlobal
